<?xml version="1.0" encoding="utf-8"?>
<Project ToolsVersion="4.0" xmlns="http://schemas.microsoft.com/developer/msbuild/2003">
  <ItemGroup>
    <Filter Include="Source Files">
      <UniqueIdentifier>{4FC737F1-C7A5-4376-A066-2A32D752A2FF}</UniqueIdentifier>
      <Extensions>cpp;c;cc;cxx;def;odl;idl;hpj;bat;asm;asmx</Extensions>
    </Filter>
    <Filter Include="Header Files">
      <UniqueIdentifier>{93995380-89BD-4b04-88EB-625FBE52EBFB}</UniqueIdentifier>
      <Extensions>h;hpp;hxx;hm;inl;inc;xsd</Extensions>
    </Filter>
    <Filter Include="Resource Files">
      <UniqueIdentifier>{67DA6AB6-F800-4c08-8B7A-83BB121AAD01}</UniqueIdentifier>
      <Extensions>rc;ico;cur;bmp;dlg;rc2;rct;bin;rgs;gif;jpg;jpeg;jpe;resx;tiff;tif;png;wav;mfcribbon-ms</Extensions>
    </Filter>
    <Filter Include="Source Files\Blocks">
      <UniqueIdentifier>{daf95376-0f23-4271-9425-6a6ca2ae91dc}</UniqueIdentifier>
    </Filter>
    <Filter Include="Source Files\Items">
      <UniqueIdentifier>{2f6deb0c-7319-40ee-b66d-56a042b2ddf9}</UniqueIdentifier>
    </Filter>
    <Filter Include="Source Files\Inventory">
      <UniqueIdentifier>{f0ba4fd3-6fc3-4722-943a-2b0f251e1d70}</UniqueIdentifier>
    </Filter>
    <Filter Include="Source Files\World">
      <UniqueIdentifier>{cca83c4d-0bf5-4e8c-8882-aea155f6a7d6}</UniqueIdentifier>
    </Filter>
    <Filter Include="Compiled Items">
      <UniqueIdentifier>{44a7d054-a637-452e-b0f1-1ccc93a15ad0}</UniqueIdentifier>
    </Filter>
    <Filter Include="Source Files\Player">
      <UniqueIdentifier>{a6ba8a13-fe8c-4285-a65d-df2af49044a2}</UniqueIdentifier>
    </Filter>
  </ItemGroup>
  <ItemGroup>
    <None Include="..\..\..\..\Programs\pspdev\Nehe06\Makefile">
      <Filter>Source Files</Filter>
    </None>
    <None Include="..\..\..\..\Programs\pspdev\Nehe06\Data\dirt.bmp">
      <Filter>Resource Files</Filter>
    </None>
    <None Include="..\..\..\..\Programs\pspdev\Nehe06\Data\dirt.png">
      <Filter>Resource Files</Filter>
    </None>
    <None Include="..\..\..\..\Programs\pspdev\Nehe06\Data\NeHe2.bmp">
      <Filter>Resource Files</Filter>
    </None>
    <None Include="..\..\..\..\Programs\pspdev\Nehe06\Data\NeHe.bmp">
      <Filter>Resource Files</Filter>
    </None>
    <None Include="..\..\..\..\Programs\pspdev\Nehe06\PIC1.png">
      <Filter>Resource Files</Filter>
    </None>
    <None Include="..\..\..\..\Programs\pspdev\Nehe06\NeHe.bmp">
      <Filter>Resource Files</Filter>
    </None>
    <None Include="..\..\..\..\Programs\pspdev\Nehe06\ICON0.png">
      <Filter>Resource Files</Filter>
    </None>
    <None Include="Savegame Structure.txt" />
    <None Include="..\..\..\..\Programs\pspdev\Nehe06\copy.sh">
      <Filter>Compiled Items</Filter>
    </None>
    <None Include="..\..\..\..\Programs\pspdev\Nehe06\PARAM.SFO">
      <Filter>Compiled Items</Filter>
    </None>
    <None Include="..\..\..\..\Programs\pspdev\Nehe06\EBOOT.PBP">
      <Filter>Compiled Items</Filter>
    </None>
    <None Include="..\..\..\..\Programs\pspdev\Nehe06\lesson6.elf">
      <Filter>Compiled Items</Filter>
    </None>
    <None Include="..\..\..\..\Programs\pspdev\Nehe06\main.o">
      <Filter>Compiled Items</Filter>
    </None>
  </ItemGroup>
  <ItemGroup>
    <ClCompile Include="..\..\..\..\Programs\pspdev\Nehe06\main.c">
      <Filter>Source Files</Filter>
    </ClCompile>
    <ClCompile Include="..\..\..\..\Programs\pspdev\Nehe06\psp-setup.c">
      <Filter>Source Files</Filter>
    </ClCompile>
    <ClCompile Include="Block.cpp">
      <Filter>Source Files\Blocks</Filter>
    </ClCompile>
    <ClCompile Include="Item.cpp">
      <Filter>Source Files\Items</Filter>
    </ClCompile>
    <ClCompile Include="Inventory.cpp">
      <Filter>Source Files\Inventory</Filter>
    </ClCompile>
    <ClCompile Include="World.cpp">
      <Filter>Source Files\World</Filter>
    </ClCompile>
    <ClCompile Include="Player.cpp">
      <Filter>Source Files\Player</Filter>
    </ClCompile>
  </ItemGroup>
  <ItemGroup>
    <ClInclude Include="Item.h">
      <Filter>Header Files</Filter>
    </ClInclude>
    <ClInclude Include="Inventory.h">
      <Filter>Header Files</Filter>
    </ClInclude>
    <ClInclude Include="Block.h">
      <Filter>Header Files</Filter>
    </ClInclude>
    <ClInclude Include="World.h">
      <Filter>Header Files</Filter>
    </ClInclude>
    <ClInclude Include="Player.h">
      <Filter>Header Files</Filter>
    </ClInclude>
  </ItemGroup>
</Project>